
Microsoft Visual Studio Solution File, Format Version 12.00
# Visual Studio Version 17
VisualStudioVersion = 17.4.33213.308
MinimumVisualStudioVersion = 10.0.40219.1
Project("{FAE04EC0-301F-11D3-BF4B-00C04F79EFBC}") = "OnlineTicaret", "OnlineTicaret\OnlineTicaret.csproj", "{BD1793A7-DF39-4C0D-BF4B-08480B3AB58A}"
EndProject
Global
	GlobalSection(SolutionConfigurationPlatforms) = preSolution
		Debug|Any CPU = Debug|Any CPU
		Release|Any CPU = Release|Any CPU
	EndGlobalSection
	GlobalSection(ProjectConfigurationPlatforms) = postSolution
		{BD1793A7-DF39-4C0D-BF4B-08480B3AB58A}.Debug|Any CPU.ActiveCfg = Debug|Any CPU
		{BD1793A7-DF39-4C0D-BF4B-08480B3AB58A}.Debug|Any CPU.Build.0 = Debug|Any CPU
		{BD1793A7-DF39-4C0D-BF4B-08480B3AB58A}.Release|Any CPU.ActiveCfg = Release|Any CPU
		{BD1793A7-DF39-4C0D-BF4B-08480B3AB58A}.Release|Any CPU.Build.0 = Release|Any CPU
	EndGlobalSection
	GlobalSection(SolutionProperties) = preSolution
		HideSolutionNode = FALSE
	EndGlobalSection
	GlobalSection(ExtensibilityGlobals) = postSolution
		SolutionGuid = {401F7302-9C2A-4C56-BFAD-A901028F2B77}
	EndGlobalSection
EndGlobal
